{
    "_meta": {
        "hash": {
            "sha256": "72946cf30353a0fd9238aec17acf2047b0ec2f18894459933d6105b502312c3d"
        },
        "pipfile-spec": 6,
        "requires": {
            "python_version": "3.10"
        },
        "sources": [
            {
                "name": "pip_conf_index_global",
                "url": "https://pypi.mirrors.ustc.edu.cn/simple",
                "verify_ssl": true
            }
        ]
    },
    "default": {},
    "develop": {}
}
